
Microsoft Visual Studio Solution File, Format Version 12.00
Project("{FAE04EC0-301F-11D3-BF4B-00C04F79EFBC}") = "NoPlayerHPBarNickname", "NoPlayerHPBarNickname/NoPlayerHPBarNickname.csproj", "{2887F019-F524-46FC-AD87-70C2DDE9F709}"
EndProject
Global
	GlobalSection(SolutionConfigurationPlatforms) = preSolution
		Debug|Any CPU = Debug|Any CPU
		Release|Any CPU = Release|Any CPU
	EndGlobalSection
	GlobalSection(ProjectConfigurationPlatforms) = postSolution
		{2887F019-F524-46FC-AD87-70C2DDE9F709}.Debug|Any CPU.ActiveCfg = Debug|Any CPU
		{2887F019-F524-46FC-AD87-70C2DDE9F709}.Debug|Any CPU.Build.0 = Debug|Any CPU
		{2887F019-F524-46FC-AD87-70C2DDE9F709}.Release|Any CPU.ActiveCfg = Release|Any CPU
		{2887F019-F524-46FC-AD87-70C2DDE9F709}.Release|Any CPU.Build.0 = Release|Any CPU
	EndGlobalSection
EndGlobal
